Microsoft Visual Studio Solution File, Format Version 12.00
# Visual Studio Version 17
VisualStudioVersion = 17.5.2.0
MinimumVisualStudioVersion = 10.0.40219.1
Project("{FAE04EC0-301F-11D3-BF4B-00C04F79EFBC}") = "aula 6 atv01", "aula 6 atv01.csproj", "{513DF7D5-B036-870B-45CE-97B4F06093E7}"
EndProject
Global
	GlobalSection(SolutionConfigurationPlatforms) = preSolution
		Debug|Any CPU = Debug|Any CPU
		Release|Any CPU = Release|Any CPU
	EndGlobalSection
	GlobalSection(ProjectConfigurationPlatforms) = postSolution
		{513DF7D5-B036-870B-45CE-97B4F06093E7}.Debug|Any CPU.ActiveCfg = Debug|Any CPU
		{513DF7D5-B036-870B-45CE-97B4F06093E7}.Debug|Any CPU.Build.0 = Debug|Any CPU
		{513DF7D5-B036-870B-45CE-97B4F06093E7}.Release|Any CPU.ActiveCfg = Release|Any CPU
		{513DF7D5-B036-870B-45CE-97B4F06093E7}.Release|Any CPU.Build.0 = Release|Any CPU
	EndGlobalSection
	GlobalSection(SolutionProperties) = preSolution
		HideSolutionNode = FALSE
	EndGlobalSection
	GlobalSection(ExtensibilityGlobals) = postSolution
		SolutionGuid = {7B6CADF7-0B68-4FB9-A206-0E9E11464837}
	EndGlobalSection
EndGlobal
